
Microsoft Visual Studio Solution File, Format Version 12.00
# Visual Studio 2013
VisualStudioVersion = 12.0.30723.0
MinimumVisualStudioVersion = 10.0.40219.1
Project("{FAE04EC0-301F-11D3-BF4B-00C04F79EFBC}") = "AgileWays.ThunderDome.Dapper", "AgileWays.ThunderDome.Dapper\AgileWays.ThunderDome.Dapper.csproj", "{6779FB48-78D1-4DD8-84D8-8AF61BB30AFE}"
EndProject
Project("{FAE04EC0-301F-11D3-BF4B-00C04F79EFBC}") = "AgileWays.ThunderDome.Dapper.Repository", "AgileWays.ThunderDome.Dapper.Repository\AgileWays.ThunderDome.Dapper.Repository.csproj", "{DE8D82B6-841D-4BEF-82B3-4B2802A69117}"
EndProject
Project("{FAE04EC0-301F-11D3-BF4B-00C04F79EFBC}") = "AgileWays.ThunderDome.Dapper.Models", "AgileWays.ThunderDome.Dapper.Models\AgileWays.ThunderDome.Dapper.Models.csproj", "{C8F91713-4D3D-4660-8F65-E39B9B57C6DA}"
EndProject
Project("{FAE04EC0-301F-11D3-BF4B-00C04F79EFBC}") = "AgileWays.ThunderDome.Dapper.Controllers", "AgileWays.ThunderDome.Dapper.Controllers\AgileWays.ThunderDome.Dapper.Controllers.csproj", "{3417B391-E32A-4B5E-B495-E9C56019E0FF}"
EndProject
Global
	GlobalSection(SolutionConfigurationPlatforms) = preSolution
		Debug|Any CPU = Debug|Any CPU
		Release|Any CPU = Release|Any CPU
	EndGlobalSection
	GlobalSection(ProjectConfigurationPlatforms) = postSolution
		{6779FB48-78D1-4DD8-84D8-8AF61BB30AFE}.Debug|Any CPU.ActiveCfg = Debug|Any CPU
		{6779FB48-78D1-4DD8-84D8-8AF61BB30AFE}.Debug|Any CPU.Build.0 = Debug|Any CPU
		{6779FB48-78D1-4DD8-84D8-8AF61BB30AFE}.Release|Any CPU.ActiveCfg = Release|Any CPU
		{6779FB48-78D1-4DD8-84D8-8AF61BB30AFE}.Release|Any CPU.Build.0 = Release|Any CPU
		{DE8D82B6-841D-4BEF-82B3-4B2802A69117}.Debug|Any CPU.ActiveCfg = Debug|Any CPU
		{DE8D82B6-841D-4BEF-82B3-4B2802A69117}.Debug|Any CPU.Build.0 = Debug|Any CPU
		{DE8D82B6-841D-4BEF-82B3-4B2802A69117}.Release|Any CPU.ActiveCfg = Release|Any CPU
		{DE8D82B6-841D-4BEF-82B3-4B2802A69117}.Release|Any CPU.Build.0 = Release|Any CPU
		{C8F91713-4D3D-4660-8F65-E39B9B57C6DA}.Debug|Any CPU.ActiveCfg = Debug|Any CPU
		{C8F91713-4D3D-4660-8F65-E39B9B57C6DA}.Debug|Any CPU.Build.0 = Debug|Any CPU
		{C8F91713-4D3D-4660-8F65-E39B9B57C6DA}.Release|Any CPU.ActiveCfg = Release|Any CPU
		{C8F91713-4D3D-4660-8F65-E39B9B57C6DA}.Release|Any CPU.Build.0 = Release|Any CPU
		{3417B391-E32A-4B5E-B495-E9C56019E0FF}.Debug|Any CPU.ActiveCfg = Debug|Any CPU
		{3417B391-E32A-4B5E-B495-E9C56019E0FF}.Debug|Any CPU.Build.0 = Debug|Any CPU
		{3417B391-E32A-4B5E-B495-E9C56019E0FF}.Release|Any CPU.ActiveCfg = Release|Any CPU
		{3417B391-E32A-4B5E-B495-E9C56019E0FF}.Release|Any CPU.Build.0 = Release|Any CPU
	EndGlobalSection
	GlobalSection(SolutionProperties) = preSolution
		HideSolutionNode = FALSE
	EndGlobalSection
EndGlobal
